
Microsoft Visual Studio Solution File, Format Version 12.00
# Visual Studio Version 16
VisualStudioVersion = 16.0.29613.14
MinimumVisualStudioVersion = 10.0.40219.1
Project("{FAE04EC0-301F-11D3-BF4B-00C04F79EFBC}") = "AddressBookSystemDay10", "AddressBookSystemDay10\AddressBookSystemDay10.csproj", "{28FBEB5B-FE2F-4FAA-969C-291252DD30BB}"
EndProject
Global
	GlobalSection(SolutionConfigurationPlatforms) = preSolution
		Debug|Any CPU = Debug|Any CPU
		Release|Any CPU = Release|Any CPU
	EndGlobalSection
	GlobalSection(ProjectConfigurationPlatforms) = postSolution
		{28FBEB5B-FE2F-4FAA-969C-291252DD30BB}.Debug|Any CPU.ActiveCfg = Debug|Any CPU
		{28FBEB5B-FE2F-4FAA-969C-291252DD30BB}.Debug|Any CPU.Build.0 = Debug|Any CPU
		{28FBEB5B-FE2F-4FAA-969C-291252DD30BB}.Release|Any CPU.ActiveCfg = Release|Any CPU
		{28FBEB5B-FE2F-4FAA-969C-291252DD30BB}.Release|Any CPU.Build.0 = Release|Any CPU
	EndGlobalSection
	GlobalSection(SolutionProperties) = preSolution
		HideSolutionNode = FALSE
	EndGlobalSection
	GlobalSection(ExtensibilityGlobals) = postSolution
		SolutionGuid = {5E89FDEB-E979-4598-AE26-3E1AAAC983BA}
	EndGlobalSection
EndGlobal
